
Microsoft Visual Studio Solution File, Format Version 12.00
# Visual Studio Version 16
VisualStudioVersion = 16.0.31025.194
MinimumVisualStudioVersion = 10.0.40219.1
Project("{FAE04EC0-301F-11D3-BF4B-00C04F79EFBC}") = "Task1", "Task1\Task1.csproj", "{45F477FF-2820-4438-83DD-CD8AE7A12DFA}"
EndProject
Global
	GlobalSection(SolutionConfigurationPlatforms) = preSolution
		Debug|Any CPU = Debug|Any CPU
		Release|Any CPU = Release|Any CPU
	EndGlobalSection
	GlobalSection(ProjectConfigurationPlatforms) = postSolution
		{45F477FF-2820-4438-83DD-CD8AE7A12DFA}.Debug|Any CPU.ActiveCfg = Debug|Any CPU
		{45F477FF-2820-4438-83DD-CD8AE7A12DFA}.Debug|Any CPU.Build.0 = Debug|Any CPU
		{45F477FF-2820-4438-83DD-CD8AE7A12DFA}.Release|Any CPU.ActiveCfg = Release|Any CPU
		{45F477FF-2820-4438-83DD-CD8AE7A12DFA}.Release|Any CPU.Build.0 = Release|Any CPU
	EndGlobalSection
	GlobalSection(SolutionProperties) = preSolution
		HideSolutionNode = FALSE
	EndGlobalSection
	GlobalSection(ExtensibilityGlobals) = postSolution
		SolutionGuid = {5A69074C-63AF-4437-8CBA-114806352BA5}
	EndGlobalSection
EndGlobal
