
Microsoft Visual Studio Solution File, Format Version 12.00
# Visual Studio Version 16
VisualStudioVersion = 16.0.31129.286
MinimumVisualStudioVersion = 10.0.40219.1
Project("{FAE04EC0-301F-11D3-BF4B-00C04F79EFBC}") = "Lesson5", "Lesson5\Lesson5.csproj", "{DA4C6B68-75B1-401D-ACE8-46AB7EDDFC77}"
EndProject
Global
	GlobalSection(SolutionConfigurationPlatforms) = preSolution
		Debug|Any CPU = Debug|Any CPU
		Release|Any CPU = Release|Any CPU
	EndGlobalSection
	GlobalSection(ProjectConfigurationPlatforms) = postSolution
		{DA4C6B68-75B1-401D-ACE8-46AB7EDDFC77}.Debug|Any CPU.ActiveCfg = Debug|Any CPU
		{DA4C6B68-75B1-401D-ACE8-46AB7EDDFC77}.Debug|Any CPU.Build.0 = Debug|Any CPU
		{DA4C6B68-75B1-401D-ACE8-46AB7EDDFC77}.Release|Any CPU.ActiveCfg = Release|Any CPU
		{DA4C6B68-75B1-401D-ACE8-46AB7EDDFC77}.Release|Any CPU.Build.0 = Release|Any CPU
	EndGlobalSection
	GlobalSection(SolutionProperties) = preSolution
		HideSolutionNode = FALSE
	EndGlobalSection
	GlobalSection(ExtensibilityGlobals) = postSolution
		SolutionGuid = {9A4C29EB-D6EE-48E3-B102-47ACBD9B1D0C}
	EndGlobalSection
EndGlobal
